<?xml version="1.0" encoding="utf-8"?>
<Project ToolsVersion="4.0" xmlns="http://schemas.microsoft.com/developer/msbuild/2003">
  <ItemGroup>
    <Filter Include="ソース">
      <UniqueIdentifier>{881ef9b7-a263-4c39-a014-4dace9d98a4f}</UniqueIdentifier>
      <Extensions>cpp;c;cc;cxx;def;odl;idl;hpj;bat;asm;asmx</Extensions>
    </Filter>
    <Filter Include="ヘッダー">
      <UniqueIdentifier>{a870e0ee-6189-4344-a8e7-5979bb36618a}</UniqueIdentifier>
      <Extensions>h;hpp;hxx;hm;inl;inc;xsd</Extensions>
    </Filter>
    <Filter Include="リソース">
      <UniqueIdentifier>{9501b9f9-4c2c-4c47-b599-694eae7fcb36}</UniqueIdentifier>
      <Extensions>rc;ico;cur;bmp;dlg;rc2;rct;bin;rgs;gif;jpg;jpeg;jpe;resx;tiff;tif;png;wav</Extensions>
    </Filter>
  </ItemGroup>
  <ItemGroup>
    <ClCompile Include="main.cpp">
      <Filter>ソース</Filter>
    </ClCompile>
    <ClCompile Include="draw.cpp">
      <Filter>ソース</Filter>
    </ClCompile>
    <ClCompile Include="move.cpp">
      <Filter>ソース</Filter>
    </ClCompile>
    <ClCompile Include="menu.cpp">
      <Filter>ソース</Filter>
    </ClCompile>
  </ItemGroup>
  <ItemGroup>
    <None Include="icon.ico">
      <Filter>リソース</Filter>
    </None>
    <None Include="LICENSE.txt" />
  </ItemGroup>
  <ItemGroup>
    <ResourceCompile Include="resource.rc">
      <Filter>リソース</Filter>
    </ResourceCompile>
  </ItemGroup>
  <ItemGroup>
    <ClInclude Include="common.h">
      <Filter>ヘッダー</Filter>
    </ClInclude>
  </ItemGroup>
</Project>